
Microsoft Visual Studio Solution File, Format Version 12.00
# Visual Studio 14
VisualStudioVersion = 14.0.25420.1
MinimumVisualStudioVersion = 10.0.40219.1
Project("{FAE04EC0-301F-11D3-BF4B-00C04F79EFBC}") = "IdentityPasswordNoReuse", "IdentityPasswordNoReuse\IdentityPasswordNoReuse.csproj", "{0CDAE827-3294-434F-9E55-8D494E635565}"
EndProject
Project("{2150E333-8FDC-42A3-9474-1A3956D46DE8}") = "Solution Items", "Solution Items", "{2052EF0E-A762-4739-9A2A-39336B3A5DCC}"
	ProjectSection(SolutionItems) = preProject
		Image1.png = Image1.png
		Image2.png = Image2.png
		README.md = README.md
	EndProjectSection
EndProject
Global
	GlobalSection(SolutionConfigurationPlatforms) = preSolution
		Debug|Any CPU = Debug|Any CPU
		Release|Any CPU = Release|Any CPU
	EndGlobalSection
	GlobalSection(ProjectConfigurationPlatforms) = postSolution
		{0CDAE827-3294-434F-9E55-8D494E635565}.Debug|Any CPU.ActiveCfg = Debug|Any CPU
		{0CDAE827-3294-434F-9E55-8D494E635565}.Debug|Any CPU.Build.0 = Debug|Any CPU
		{0CDAE827-3294-434F-9E55-8D494E635565}.Release|Any CPU.ActiveCfg = Release|Any CPU
		{0CDAE827-3294-434F-9E55-8D494E635565}.Release|Any CPU.Build.0 = Release|Any CPU
	EndGlobalSection
	GlobalSection(SolutionProperties) = preSolution
		HideSolutionNode = FALSE
	EndGlobalSection
EndGlobal
